// !$*UTF8*$!
{
	archiveVersion = 1;
	classes = {
	};
	objectVersion = 51;
	objects = {

/* Begin PBXBuildFile section */
		281D3FA026935CDA00A0AC00 /* AppDelegate.swift in Sources */ = {isa = PBXBuildFile; fileRef = 281D3F9F26935CDA00A0AC00 /* AppDelegate.swift */; };
		281D3FA226935CDA00A0AC00 /* SceneDelegate.swift in Sources */ = {isa = PBXBuildFile; fileRef = 281D3FA126935CDA00A0AC00 /* SceneDelegate.swift */; };
		281D3FA426935CDA00A0AC00 /* AllFeedsController.swift in Sources */ = {isa = PBXBuildFile; fileRef = 281D3FA326935CDA00A0AC00 /* AllFeedsController.swift */; };
		281D3FA726935CDA00A0AC00 /* Main.storyboard in Resources */ = {isa = PBXBuildFile; fileRef = 281D3FA526935CDA00A0AC00 /* Main.storyboard */; };
		281D3FA926935CDB00A0AC00 /* Assets.xcassets in Resources */ = {isa = PBXBuildFile; fileRef = 281D3FA826935CDB00A0AC00 /* Assets.xcassets */; };
		281D3FAC26935CDB00A0AC00 /* LaunchScreen.storyboard in Resources */ = {isa = PBXBuildFile; fileRef = 281D3FAA26935CDB00A0AC00 /* LaunchScreen.storyboard */; };
		281D3FB526935FFC00A0AC00 /* FeedUi.swift in Sources */ = {isa = PBXBuildFile; fileRef = 281D3FB426935FFC00A0AC00 /* FeedUi.swift */; };
		281D3FB72693601800A0AC00 /* FolderUi.swift in Sources */ = {isa = PBXBuildFile; fileRef = 281D3FB62693601800A0AC00 /* FolderUi.swift */; };
		281D3FBA2693625300A0AC00 /* FeedServiceProtocol.swift in Sources */ = {isa = PBXBuildFile; fileRef = 281D3FB92693625300A0AC00 /* FeedServiceProtocol.swift */; };
		281D3FBC2693626300A0AC00 /* FolderServiceProtocol.swift in Sources */ = {isa = PBXBuildFile; fileRef = 281D3FBB2693626300A0AC00 /* FolderServiceProtocol.swift */; };
		281D3FC62693718500A0AC00 /* FeedSave.swift in Sources */ = {isa = PBXBuildFile; fileRef = 281D3FC52693718500A0AC00 /* FeedSave.swift */; };
		281D3FC82693719000A0AC00 /* FolderSave.swift in Sources */ = {isa = PBXBuildFile; fileRef = 281D3FC72693719000A0AC00 /* FolderSave.swift */; };
		281D3FCD26937C2400A0AC00 /* UniversalItemUi.swift in Sources */ = {isa = PBXBuildFile; fileRef = 281D3FCC26937C2400A0AC00 /* UniversalItemUi.swift */; };
		28206856269ADFB8003CC1D6 /* InternetRssService.swift in Sources */ = {isa = PBXBuildFile; fileRef = 28206855269ADFB8003CC1D6 /* InternetRssService.swift */; };
		2837319226999DC3001715C6 /* EditFolderController.swift in Sources */ = {isa = PBXBuildFile; fileRef = 2837319126999DC3001715C6 /* EditFolderController.swift */; };
		283731952699B143001715C6 /* FolderController.swift in Sources */ = {isa = PBXBuildFile; fileRef = 283731942699B143001715C6 /* FolderController.swift */; };
		283731972699B52B001715C6 /* NewsUi.swift in Sources */ = {isa = PBXBuildFile; fileRef = 283731962699B52B001715C6 /* NewsUi.swift */; };
		2837319A2699B6DC001715C6 /* FeedController.swift in Sources */ = {isa = PBXBuildFile; fileRef = 283731992699B6DC001715C6 /* FeedController.swift */; };
		2837319E2699CA71001715C6 /* FolderRealm.swift in Sources */ = {isa = PBXBuildFile; fileRef = 2837319D2699CA71001715C6 /* FolderRealm.swift */; };
		2870B2092694C3F8008FCF9F /* RssServiceProtocol.swift in Sources */ = {isa = PBXBuildFile; fileRef = 2870B2082694C3F8008FCF9F /* RssServiceProtocol.swift */; };
		2870B20D2694C8FD008FCF9F /* SearchFeed.swift in Sources */ = {isa = PBXBuildFile; fileRef = 2870B20C2694C8FD008FCF9F /* SearchFeed.swift */; };
		2870B2122694CDAC008FCF9F /* AddFeedController.swift in Sources */ = {isa = PBXBuildFile; fileRef = 2870B2112694CDAC008FCF9F /* AddFeedController.swift */; };
		287443272699ECEB00B903EB /* FeedRealm.swift in Sources */ = {isa = PBXBuildFile; fileRef = 287443262699ECEB00B903EB /* FeedRealm.swift */; };
		287443292699EECB00B903EB /* NewsRealm.swift in Sources */ = {isa = PBXBuildFile; fileRef = 287443282699EECA00B903EB /* NewsRealm.swift */; };
		2874432B2699F0B700B903EB /* RealmFolderService.swift in Sources */ = {isa = PBXBuildFile; fileRef = 2874432A2699F0B700B903EB /* RealmFolderService.swift */; };
		2874432E2699F27D00B903EB /* Converters.swift in Sources */ = {isa = PBXBuildFile; fileRef = 2874432D2699F27D00B903EB /* Converters.swift */; };
		28744330269A014C00B903EB /* RealmFeedService.swift in Sources */ = {isa = PBXBuildFile; fileRef = 2874432F269A014C00B903EB /* RealmFeedService.swift */; };
		71EA0A2B051C9473D3DBFC78 /* Pods_RSSReader.framework in Frameworks */ = {isa = PBXBuildFile; fileRef = 3A6D37A23FC45B44F113B168 /* Pods_RSSReader.framework */; };
/* End PBXBuildFile section */

/* Begin PBXFileReference section */
		281D3F9C26935CDA00A0AC00 /* RSSReader.app */ = {isa = PBXFileReference; explicitFileType = wrapper.application; includeInIndex = 0; path = RSSReader.app; sourceTree = BUILT_PRODUCTS_DIR; };
		281D3F9F26935CDA00A0AC00 /* AppDelegate.swift */ = {isa = PBXFileReference; lastKnownFileType = sourcecode.swift; path = AppDelegate.swift; sourceTree = "<group>"; };
		281D3FA126935CDA00A0AC00 /* SceneDelegate.swift */ = {isa = PBXFileReference; lastKnownFileType = sourcecode.swift; path = SceneDelegate.swift; sourceTree = "<group>"; };
		281D3FA326935CDA00A0AC00 /* AllFeedsController.swift */ = {isa = PBXFileReference; lastKnownFileType = sourcecode.swift; path = AllFeedsController.swift; sourceTree = "<group>"; };
		281D3FA626935CDA00A0AC00 /* Base */ = {isa = PBXFileReference; lastKnownFileType = file.storyboard; name = Base; path = Base.lproj/Main.storyboard; sourceTree = "<group>"; };
		281D3FA826935CDB00A0AC00 /* Assets.xcassets */ = {isa = PBXFileReference; lastKnownFileType = folder.assetcatalog; path = Assets.xcassets; sourceTree = "<group>"; };
		281D3FAB26935CDB00A0AC00 /* Base */ = {isa = PBXFileReference; lastKnownFileType = file.storyboard; name = Base; path = Base.lproj/LaunchScreen.storyboard; sourceTree = "<group>"; };
		281D3FAD26935CDB00A0AC00 /* Info.plist */ = {isa = PBXFileReference; lastKnownFileType = text.plist.xml; path = Info.plist; sourceTree = "<group>"; };
		281D3FB426935FFC00A0AC00 /* FeedUi.swift */ = {isa = PBXFileReference; lastKnownFileType = sourcecode.swift; path = FeedUi.swift; sourceTree = "<group>"; };
		281D3FB62693601800A0AC00 /* FolderUi.swift */ = {isa = PBXFileReference; lastKnownFileType = sourcecode.swift; path = FolderUi.swift; sourceTree = "<group>"; };
		281D3FB92693625300A0AC00 /* FeedServiceProtocol.swift */ = {isa = PBXFileReference; lastKnownFileType = sourcecode.swift; path = FeedServiceProtocol.swift; sourceTree = "<group>"; };
		281D3FBB2693626300A0AC00 /* FolderServiceProtocol.swift */ = {isa = PBXFileReference; lastKnownFileType = sourcecode.swift; path = FolderServiceProtocol.swift; sourceTree = "<group>"; };
		281D3FC52693718500A0AC00 /* FeedSave.swift */ = {isa = PBXFileReference; lastKnownFileType = sourcecode.swift; path = FeedSave.swift; sourceTree = "<group>"; };
		281D3FC72693719000A0AC00 /* FolderSave.swift */ = {isa = PBXFileReference; lastKnownFileType = sourcecode.swift; path = FolderSave.swift; sourceTree = "<group>"; };
		281D3FCC26937C2400A0AC00 /* UniversalItemUi.swift */ = {isa = PBXFileReference; lastKnownFileType = sourcecode.swift; path = UniversalItemUi.swift; sourceTree = "<group>"; };
		28206855269ADFB8003CC1D6 /* InternetRssService.swift */ = {isa = PBXFileReference; lastKnownFileType = sourcecode.swift; path = InternetRssService.swift; sourceTree = "<group>"; };
		2837319126999DC3001715C6 /* EditFolderController.swift */ = {isa = PBXFileReference; lastKnownFileType = sourcecode.swift; path = EditFolderController.swift; sourceTree = "<group>"; };
		283731942699B143001715C6 /* FolderController.swift */ = {isa = PBXFileReference; lastKnownFileType = sourcecode.swift; path = FolderController.swift; sourceTree = "<group>"; };
		283731962699B52B001715C6 /* NewsUi.swift */ = {isa = PBXFileReference; lastKnownFileType = sourcecode.swift; path = NewsUi.swift; sourceTree = "<group>"; };
		283731992699B6DC001715C6 /* FeedController.swift */ = {isa = PBXFileReference; lastKnownFileType = sourcecode.swift; path = FeedController.swift; sourceTree = "<group>"; };
		2837319D2699CA71001715C6 /* FolderRealm.swift */ = {isa = PBXFileReference; lastKnownFileType = sourcecode.swift; path = FolderRealm.swift; sourceTree = "<group>"; };
		2870B2082694C3F8008FCF9F /* RssServiceProtocol.swift */ = {isa = PBXFileReference; lastKnownFileType = sourcecode.swift; path = RssServiceProtocol.swift; sourceTree = "<group>"; };
		2870B20C2694C8FD008FCF9F /* SearchFeed.swift */ = {isa = PBXFileReference; lastKnownFileType = sourcecode.swift; path = SearchFeed.swift; sourceTree = "<group>"; };
		2870B2112694CDAC008FCF9F /* AddFeedController.swift */ = {isa = PBXFileReference; lastKnownFileType = sourcecode.swift; path = AddFeedController.swift; sourceTree = "<group>"; };
		287443262699ECEB00B903EB /* FeedRealm.swift */ = {isa = PBXFileReference; lastKnownFileType = sourcecode.swift; path = FeedRealm.swift; sourceTree = "<group>"; };
		287443282699EECA00B903EB /* NewsRealm.swift */ = {isa = PBXFileReference; lastKnownFileType = sourcecode.swift; path = NewsRealm.swift; sourceTree = "<group>"; };
		2874432A2699F0B700B903EB /* RealmFolderService.swift */ = {isa = PBXFileReference; lastKnownFileType = sourcecode.swift; path = RealmFolderService.swift; sourceTree = "<group>"; };
		2874432D2699F27D00B903EB /* Converters.swift */ = {isa = PBXFileReference; lastKnownFileType = sourcecode.swift; path = Converters.swift; sourceTree = "<group>"; };
		2874432F269A014C00B903EB /* RealmFeedService.swift */ = {isa = PBXFileReference; lastKnownFileType = sourcecode.swift; path = RealmFeedService.swift; sourceTree = "<group>"; };
		3A6D37A23FC45B44F113B168 /* Pods_RSSReader.framework */ = {isa = PBXFileReference; explicitFileType = wrapper.framework; includeInIndex = 0; path = Pods_RSSReader.framework; sourceTree = BUILT_PRODUCTS_DIR; };
		67D48FEB8C222A224F47D761 /* Pods-RSSReader.debug.xcconfig */ = {isa = PBXFileReference; includeInIndex = 1; lastKnownFileType = text.xcconfig; name = "Pods-RSSReader.debug.xcconfig"; path = "Target Support Files/Pods-RSSReader/Pods-RSSReader.debug.xcconfig"; sourceTree = "<group>"; };
		B0DBEC8EDD6BCE3B802B7C68 /* Pods-RSSReader.release.xcconfig */ = {isa = PBXFileReference; includeInIndex = 1; lastKnownFileType = text.xcconfig; name = "Pods-RSSReader.release.xcconfig"; path = "Target Support Files/Pods-RSSReader/Pods-RSSReader.release.xcconfig"; sourceTree = "<group>"; };
/* End PBXFileReference section */

/* Begin PBXFrameworksBuildPhase section */
		281D3F9926935CDA00A0AC00 /* Frameworks */ = {
			isa = PBXFrameworksBuildPhase;
			buildActionMask = 2147483647;
			files = (
				71EA0A2B051C9473D3DBFC78 /* Pods_RSSReader.framework in Frameworks */,
			);
			runOnlyForDeploymentPostprocessing = 0;
		};
/* End PBXFrameworksBuildPhase section */

/* Begin PBXGroup section */
		281D3F9326935CDA00A0AC00 = {
			isa = PBXGroup;
			children = (
				281D3F9E26935CDA00A0AC00 /* RSSReader */,
				281D3F9D26935CDA00A0AC00 /* Products */,
				AFB4DBEBED10EB83D43706D7 /* Pods */,
				EFE03AD5C7438A8B78D48C15 /* Frameworks */,
			);
			sourceTree = "<group>";
		};
		281D3F9D26935CDA00A0AC00 /* Products */ = {
			isa = PBXGroup;
			children = (
				281D3F9C26935CDA00A0AC00 /* RSSReader.app */,
			);
			name = Products;
			sourceTree = "<group>";
		};
		281D3F9E26935CDA00A0AC00 /* RSSReader */ = {
			isa = PBXGroup;
			children = (
				2837319B2699CA57001715C6 /* Realm */,
				281D3FCA269378B000A0AC00 /* Screens */,
				281D3FB82693623900A0AC00 /* Service */,
				281D3FB326935FBB00A0AC00 /* ModelsUi */,
				281D3F9F26935CDA00A0AC00 /* AppDelegate.swift */,
				281D3FA126935CDA00A0AC00 /* SceneDelegate.swift */,
				281D3FA526935CDA00A0AC00 /* Main.storyboard */,
				281D3FA826935CDB00A0AC00 /* Assets.xcassets */,
				281D3FAA26935CDB00A0AC00 /* LaunchScreen.storyboard */,
				281D3FAD26935CDB00A0AC00 /* Info.plist */,
			);
			path = RSSReader;
			sourceTree = "<group>";
		};
		281D3FB326935FBB00A0AC00 /* ModelsUi */ = {
			isa = PBXGroup;
			children = (
				281D3FB426935FFC00A0AC00 /* FeedUi.swift */,
				281D3FB62693601800A0AC00 /* FolderUi.swift */,
				281D3FC52693718500A0AC00 /* FeedSave.swift */,
				281D3FC72693719000A0AC00 /* FolderSave.swift */,
				283731962699B52B001715C6 /* NewsUi.swift */,
			);
			path = ModelsUi;
			sourceTree = "<group>";
		};
		281D3FB82693623900A0AC00 /* Service */ = {
			isa = PBXGroup;
			children = (
				2870B20B2694C8E5008FCF9F /* RssServiceModels */,
				281D3FB92693625300A0AC00 /* FeedServiceProtocol.swift */,
				281D3FBB2693626300A0AC00 /* FolderServiceProtocol.swift */,
				2870B2082694C3F8008FCF9F /* RssServiceProtocol.swift */,
				2874432A2699F0B700B903EB /* RealmFolderService.swift */,
				2874432D2699F27D00B903EB /* Converters.swift */,
				2874432F269A014C00B903EB /* RealmFeedService.swift */,
				28206855269ADFB8003CC1D6 /* InternetRssService.swift */,
			);
			path = Service;
			sourceTree = "<group>";
		};
		281D3FCA269378B000A0AC00 /* Screens */ = {
			isa = PBXGroup;
			children = (
				283731982699B6C6001715C6 /* Feed */,
				283731932699B134001715C6 /* Folder */,
				2837319026999DB2001715C6 /* EditFolder */,
				2870B2102694CD9A008FCF9F /* AddFeed */,
				281D3FCB269378BA00A0AC00 /* AllFeeds */,
			);
			path = Screens;
			sourceTree = "<group>";
		};
		281D3FCB269378BA00A0AC00 /* AllFeeds */ = {
			isa = PBXGroup;
			children = (
				281D3FA326935CDA00A0AC00 /* AllFeedsController.swift */,
				281D3FCC26937C2400A0AC00 /* UniversalItemUi.swift */,
			);
			path = AllFeeds;
			sourceTree = "<group>";
		};
		2837319026999DB2001715C6 /* EditFolder */ = {
			isa = PBXGroup;
			children = (
				2837319126999DC3001715C6 /* EditFolderController.swift */,
			);
			path = EditFolder;
			sourceTree = "<group>";
		};
		283731932699B134001715C6 /* Folder */ = {
			isa = PBXGroup;
			children = (
				283731942699B143001715C6 /* FolderController.swift */,
			);
			path = Folder;
			sourceTree = "<group>";
		};
		283731982699B6C6001715C6 /* Feed */ = {
			isa = PBXGroup;
			children = (
				283731992699B6DC001715C6 /* FeedController.swift */,
			);
			path = Feed;
			sourceTree = "<group>";
		};
		2837319B2699CA57001715C6 /* Realm */ = {
			isa = PBXGroup;
			children = (
				2837319C2699CA60001715C6 /* Models */,
			);
			path = Realm;
			sourceTree = "<group>";
		};
		2837319C2699CA60001715C6 /* Models */ = {
			isa = PBXGroup;
			children = (
				2837319D2699CA71001715C6 /* FolderRealm.swift */,
				287443262699ECEB00B903EB /* FeedRealm.swift */,
				287443282699EECA00B903EB /* NewsRealm.swift */,
			);
			path = Models;
			sourceTree = "<group>";
		};
		2870B20B2694C8E5008FCF9F /* RssServiceModels */ = {
			isa = PBXGroup;
			children = (
				2870B20C2694C8FD008FCF9F /* SearchFeed.swift */,
			);
			path = RssServiceModels;
			sourceTree = "<group>";
		};
		2870B2102694CD9A008FCF9F /* AddFeed */ = {
			isa = PBXGroup;
			children = (
				2870B2112694CDAC008FCF9F /* AddFeedController.swift */,
			);
			path = AddFeed;
			sourceTree = "<group>";
		};
		AFB4DBEBED10EB83D43706D7 /* Pods */ = {
			isa = PBXGroup;
			children = (
				67D48FEB8C222A224F47D761 /* Pods-RSSReader.debug.xcconfig */,
				B0DBEC8EDD6BCE3B802B7C68 /* Pods-RSSReader.release.xcconfig */,
			);
			path = Pods;
			sourceTree = "<group>";
		};
		EFE03AD5C7438A8B78D48C15 /* Frameworks */ = {
			isa = PBXGroup;
			children = (
				3A6D37A23FC45B44F113B168 /* Pods_RSSReader.framework */,
			);
			name = Frameworks;
			sourceTree = "<group>";
		};
/* End PBXGroup section */

/* Begin PBXNativeTarget section */
		281D3F9B26935CDA00A0AC00 /* RSSReader */ = {
			isa = PBXNativeTarget;
			buildConfigurationList = 281D3FB026935CDB00A0AC00 /* Build configuration list for PBXNativeTarget "RSSReader" */;
			buildPhases = (
				04BACBFD781540B7136770B2 /* [CP] Check Pods Manifest.lock */,
				281D3FC92693766A00A0AC00 /* ShellScript */,
				281D3F9826935CDA00A0AC00 /* Sources */,
				281D3F9926935CDA00A0AC00 /* Frameworks */,
				281D3F9A26935CDA00A0AC00 /* Resources */,
				C333FD0E253E472E8A56558B /* [CP] Embed Pods Frameworks */,
			);
			buildRules = (
			);
			dependencies = (
			);
			name = RSSReader;
			productName = RSSReader;
			productReference = 281D3F9C26935CDA00A0AC00 /* RSSReader.app */;
			productType = "com.apple.product-type.application";
		};
/* End PBXNativeTarget section */

/* Begin PBXProject section */
		281D3F9426935CDA00A0AC00 /* Project object */ = {
			isa = PBXProject;
			attributes = {
				LastSwiftUpdateCheck = 1250;
				LastUpgradeCheck = 1250;
				TargetAttributes = {
					281D3F9B26935CDA00A0AC00 = {
						CreatedOnToolsVersion = 12.5;
					};
				};
			};
			buildConfigurationList = 281D3F9726935CDA00A0AC00 /* Build configuration list for PBXProject "RSSReader" */;
			compatibilityVersion = "Xcode 9.3";
			developmentRegion = en;
			hasScannedForEncodings = 0;
			knownRegions = (
				en,
				Base,
			);
			mainGroup = 281D3F9326935CDA00A0AC00;
			productRefGroup = 281D3F9D26935CDA00A0AC00 /* Products */;
			projectDirPath = "";
			projectRoot = "";
			targets = (
				281D3F9B26935CDA00A0AC00 /* RSSReader */,
			);
		};
/* End PBXProject section */

/* Begin PBXResourcesBuildPhase section */
		281D3F9A26935CDA00A0AC00 /* Resources */ = {
			isa = PBXResourcesBuildPhase;
			buildActionMask = 2147483647;
			files = (
				281D3FAC26935CDB00A0AC00 /* LaunchScreen.storyboard in Resources */,
				281D3FA926935CDB00A0AC00 /* Assets.xcassets in Resources */,
				281D3FA726935CDA00A0AC00 /* Main.storyboard in Resources */,
			);
			runOnlyForDeploymentPostprocessing = 0;
		};
/* End PBXResourcesBuildPhase section */

/* Begin PBXShellScriptBuildPhase section */
		04BACBFD781540B7136770B2 /* [CP] Check Pods Manifest.lock */ = {
			isa = PBXShellScriptBuildPhase;
			buildActionMask = 2147483647;
			files = (
			);
			inputFileListPaths = (
			);
			inputPaths = (
				"${PODS_PODFILE_DIR_PATH}/Podfile.lock",
				"${PODS_ROOT}/Manifest.lock",
			);
			name = "[CP] Check Pods Manifest.lock";
			outputFileListPaths = (
			);
			outputPaths = (
				"$(DERIVED_FILE_DIR)/Pods-RSSReader-checkManifestLockResult.txt",
			);
			runOnlyForDeploymentPostprocessing = 0;
			shellPath = /bin/sh;
			shellScript = "diff \"${PODS_PODFILE_DIR_PATH}/Podfile.lock\" \"${PODS_ROOT}/Manifest.lock\" > /dev/null\nif [ $? != 0 ] ; then\n    # print error to STDERR\n    echo \"error: The sandbox is not in sync with the Podfile.lock. Run 'pod install' or update your CocoaPods installation.\" >&2\n    exit 1\nfi\n# This output is used by Xcode 'outputs' to avoid re-running this script phase.\necho \"SUCCESS\" > \"${SCRIPT_OUTPUT_FILE_0}\"\n";
			showEnvVarsInLog = 0;
		};
		281D3FC92693766A00A0AC00 /* ShellScript */ = {
			isa = PBXShellScriptBuildPhase;
			buildActionMask = 2147483647;
			files = (
			);
			inputFileListPaths = (
			);
			inputPaths = (
			);
			outputFileListPaths = (
			);
			outputPaths = (
			);
			runOnlyForDeploymentPostprocessing = 0;
			shellPath = /bin/sh;
			shellScript = "${PODS_ROOT}/SwiftLint/swiftlint\n";
		};
		C333FD0E253E472E8A56558B /* [CP] Embed Pods Frameworks */ = {
			isa = PBXShellScriptBuildPhase;
			buildActionMask = 2147483647;
			files = (
			);
			inputFileListPaths = (
				"${PODS_ROOT}/Target Support Files/Pods-RSSReader/Pods-RSSReader-frameworks-${CONFIGURATION}-input-files.xcfilelist",
			);
			name = "[CP] Embed Pods Frameworks";
			outputFileListPaths = (
				"${PODS_ROOT}/Target Support Files/Pods-RSSReader/Pods-RSSReader-frameworks-${CONFIGURATION}-output-files.xcfilelist",
			);
			runOnlyForDeploymentPostprocessing = 0;
			shellPath = /bin/sh;
			shellScript = "\"${PODS_ROOT}/Target Support Files/Pods-RSSReader/Pods-RSSReader-frameworks.sh\"\n";
			showEnvVarsInLog = 0;
		};
/* End PBXShellScriptBuildPhase section */

/* Begin PBXSourcesBuildPhase section */
		281D3F9826935CDA00A0AC00 /* Sources */ = {
			isa = PBXSourcesBuildPhase;
			buildActionMask = 2147483647;
			files = (
				281D3FBC2693626300A0AC00 /* FolderServiceProtocol.swift in Sources */,
				283731972699B52B001715C6 /* NewsUi.swift in Sources */,
				281D3FA426935CDA00A0AC00 /* AllFeedsController.swift in Sources */,
				283731952699B143001715C6 /* FolderController.swift in Sources */,
				2870B2122694CDAC008FCF9F /* AddFeedController.swift in Sources */,
				2837319A2699B6DC001715C6 /* FeedController.swift in Sources */,
				2874432B2699F0B700B903EB /* RealmFolderService.swift in Sources */,
				281D3FB526935FFC00A0AC00 /* FeedUi.swift in Sources */,
				28206856269ADFB8003CC1D6 /* InternetRssService.swift in Sources */,
				2837319E2699CA71001715C6 /* FolderRealm.swift in Sources */,
				281D3FCD26937C2400A0AC00 /* UniversalItemUi.swift in Sources */,
				287443272699ECEB00B903EB /* FeedRealm.swift in Sources */,
				281D3FB72693601800A0AC00 /* FolderUi.swift in Sources */,
				2837319226999DC3001715C6 /* EditFolderController.swift in Sources */,
				281D3FA026935CDA00A0AC00 /* AppDelegate.swift in Sources */,
				28744330269A014C00B903EB /* RealmFeedService.swift in Sources */,
				281D3FA226935CDA00A0AC00 /* SceneDelegate.swift in Sources */,
				2874432E2699F27D00B903EB /* Converters.swift in Sources */,
				287443292699EECB00B903EB /* NewsRealm.swift in Sources */,
				281D3FBA2693625300A0AC00 /* FeedServiceProtocol.swift in Sources */,
				281D3FC82693719000A0AC00 /* FolderSave.swift in Sources */,
				2870B20D2694C8FD008FCF9F /* SearchFeed.swift in Sources */,
				2870B2092694C3F8008FCF9F /* RssServiceProtocol.swift in Sources */,
				281D3FC62693718500A0AC00 /* FeedSave.swift in Sources */,
			);
			runOnlyForDeploymentPostprocessing = 0;
		};
/* End PBXSourcesBuildPhase section */

/* Begin PBXVariantGroup section */
		281D3FA526935CDA00A0AC00 /* Main.storyboard */ = {
			isa = PBXVariantGroup;
			children = (
				281D3FA626935CDA00A0AC00 /* Base */,
			);
			name = Main.storyboard;
			sourceTree = "<group>";
		};
		281D3FAA26935CDB00A0AC00 /* LaunchScreen.storyboard */ = {
			isa = PBXVariantGroup;
			children = (
				281D3FAB26935CDB00A0AC00 /* Base */,
			);
			name = LaunchScreen.storyboard;
			sourceTree = "<group>";
		};
/* End PBXVariantGroup section */

/* Begin XCBuildConfiguration section */
		281D3FAE26935CDB00A0AC00 /* Debug */ = {
			isa = XCBuildConfiguration;
			buildSettings = {
				ALWAYS_SEARCH_USER_PATHS = NO;
				CLANG_ANALYZER_NONNULL = YES;
				CLANG_ANALYZER_NUMBER_OBJECT_CONVERSION = YES_AGGRESSIVE;
				CLANG_CXX_LANGUAGE_STANDARD = "gnu++14";
				CLANG_CXX_LIBRARY = "libc++";
				CLANG_ENABLE_MODULES = YES;
				CLANG_ENABLE_OBJC_ARC = YES;
				CLANG_ENABLE_OBJC_WEAK = YES;
				CLANG_WARN_BLOCK_CAPTURE_AUTORELEASING = YES;
				CLANG_WARN_BOOL_CONVERSION = YES;
				CLANG_WARN_COMMA = YES;
				CLANG_WARN_CONSTANT_CONVERSION = YES;
				CLANG_WARN_DEPRECATED_OBJC_IMPLEMENTATIONS = YES;
				CLANG_WARN_DIRECT_OBJC_ISA_USAGE = YES_ERROR;
				CLANG_WARN_DOCUMENTATION_COMMENTS = YES;
				CLANG_WARN_EMPTY_BODY = YES;
				CLANG_WARN_ENUM_CONVERSION = YES;
				CLANG_WARN_INFINITE_RECURSION = YES;
				CLANG_WARN_INT_CONVERSION = YES;
				CLANG_WARN_NON_LITERAL_NULL_CONVERSION = YES;
				CLANG_WARN_OBJC_IMPLICIT_RETAIN_SELF = YES;
				CLANG_WARN_OBJC_LITERAL_CONVERSION = YES;
				CLANG_WARN_OBJC_ROOT_CLASS = YES_ERROR;
				CLANG_WARN_QUOTED_INCLUDE_IN_FRAMEWORK_HEADER = YES;
				CLANG_WARN_RANGE_LOOP_ANALYSIS = YES;
				CLANG_WARN_STRICT_PROTOTYPES = YES;
				CLANG_WARN_SUSPICIOUS_MOVE = YES;
				CLANG_WARN_UNGUARDED_AVAILABILITY = YES_AGGRESSIVE;
				CLANG_WARN_UNREACHABLE_CODE = YES;
				CLANG_WARN__DUPLICATE_METHOD_MATCH = YES;
				COPY_PHASE_STRIP = NO;
				DEBUG_INFORMATION_FORMAT = dwarf;
				ENABLE_STRICT_OBJC_MSGSEND = YES;
				ENABLE_TESTABILITY = YES;
				GCC_C_LANGUAGE_STANDARD = gnu11;
				GCC_DYNAMIC_NO_PIC = NO;
				GCC_NO_COMMON_BLOCKS = YES;
				GCC_OPTIMIZATION_LEVEL = 0;
				GCC_PREPROCESSOR_DEFINITIONS = (
					"DEBUG=1",
					"$(inherited)",
				);
				GCC_WARN_64_TO_32_BIT_CONVERSION = YES;
				GCC_WARN_ABOUT_RETURN_TYPE = YES_ERROR;
				GCC_WARN_UNDECLARED_SELECTOR = YES;
				GCC_WARN_UNINITIALIZED_AUTOS = YES_AGGRESSIVE;
				GCC_WARN_UNUSED_FUNCTION = YES;
				GCC_WARN_UNUSED_VARIABLE = YES;
				IPHONEOS_DEPLOYMENT_TARGET = 14.5;
				MTL_ENABLE_DEBUG_INFO = INCLUDE_SOURCE;
				MTL_FAST_MATH = YES;
				ONLY_ACTIVE_ARCH = YES;
				SDKROOT = iphoneos;
				SWIFT_ACTIVE_COMPILATION_CONDITIONS = DEBUG;
				SWIFT_OPTIMIZATION_LEVEL = "-Onone";
			};
			name = Debug;
		};
		281D3FAF26935CDB00A0AC00 /* Release */ = {
			isa = XCBuildConfiguration;
			buildSettings = {
				ALWAYS_SEARCH_USER_PATHS = NO;
				CLANG_ANALYZER_NONNULL = YES;
				CLANG_ANALYZER_NUMBER_OBJECT_CONVERSION = YES_AGGRESSIVE;
				CLANG_CXX_LANGUAGE_STANDARD = "gnu++14";
				CLANG_CXX_LIBRARY = "libc++";
				CLANG_ENABLE_MODULES = YES;
				CLANG_ENABLE_OBJC_ARC = YES;
				CLANG_ENABLE_OBJC_WEAK = YES;
				CLANG_WARN_BLOCK_CAPTURE_AUTORELEASING = YES;
				CLANG_WARN_BOOL_CONVERSION = YES;
				CLANG_WARN_COMMA = YES;
				CLANG_WARN_CONSTANT_CONVERSION = YES;
				CLANG_WARN_DEPRECATED_OBJC_IMPLEMENTATIONS = YES;
				CLANG_WARN_DIRECT_OBJC_ISA_USAGE = YES_ERROR;
				CLANG_WARN_DOCUMENTATION_COMMENTS = YES;
				CLANG_WARN_EMPTY_BODY = YES;
				CLANG_WARN_ENUM_CONVERSION = YES;
				CLANG_WARN_INFINITE_RECURSION = YES;
				CLANG_WARN_INT_CONVERSION = YES;
				CLANG_WARN_NON_LITERAL_NULL_CONVERSION = YES;
				CLANG_WARN_OBJC_IMPLICIT_RETAIN_SELF = YES;
				CLANG_WARN_OBJC_LITERAL_CONVERSION = YES;
				CLANG_WARN_OBJC_ROOT_CLASS = YES_ERROR;
				CLANG_WARN_QUOTED_INCLUDE_IN_FRAMEWORK_HEADER = YES;
				CLANG_WARN_RANGE_LOOP_ANALYSIS = YES;
				CLANG_WARN_STRICT_PROTOTYPES = YES;
				CLANG_WARN_SUSPICIOUS_MOVE = YES;
				CLANG_WARN_UNGUARDED_AVAILABILITY = YES_AGGRESSIVE;
				CLANG_WARN_UNREACHABLE_CODE = YES;
				CLANG_WARN__DUPLICATE_METHOD_MATCH = YES;
				COPY_PHASE_STRIP = NO;
				DEBUG_INFORMATION_FORMAT = "dwarf-with-dsym";
				ENABLE_NS_ASSERTIONS = NO;
				ENABLE_STRICT_OBJC_MSGSEND = YES;
				GCC_C_LANGUAGE_STANDARD = gnu11;
				GCC_NO_COMMON_BLOCKS = YES;
				GCC_WARN_64_TO_32_BIT_CONVERSION = YES;
				GCC_WARN_ABOUT_RETURN_TYPE = YES_ERROR;
				GCC_WARN_UNDECLARED_SELECTOR = YES;
				GCC_WARN_UNINITIALIZED_AUTOS = YES_AGGRESSIVE;
				GCC_WARN_UNUSED_FUNCTION = YES;
				GCC_WARN_UNUSED_VARIABLE = YES;
				IPHONEOS_DEPLOYMENT_TARGET = 14.5;
				MTL_ENABLE_DEBUG_INFO = NO;
				MTL_FAST_MATH = YES;
				SDKROOT = iphoneos;
				SWIFT_COMPILATION_MODE = wholemodule;
				SWIFT_OPTIMIZATION_LEVEL = "-O";
				VALIDATE_PRODUCT = YES;
			};
			name = Release;
		};
		281D3FB126935CDB00A0AC00 /* Debug */ = {
			isa = XCBuildConfiguration;
			baseConfigurationReference = 67D48FEB8C222A224F47D761 /* Pods-RSSReader.debug.xcconfig */;
			buildSettings = {
				ASSETCATALOG_COMPILER_APPICON_NAME = AppIcon;
				ASSETCATALOG_COMPILER_GLOBAL_ACCENT_COLOR_NAME = AccentColor;
				CODE_SIGN_STYLE = Automatic;
				DEVELOPMENT_TEAM = 6762K7P32G;
				INFOPLIST_FILE = RSSReader/Info.plist;
				LD_RUNPATH_SEARCH_PATHS = (
					"$(inherited)",
					"@executable_path/Frameworks",
				);
				PRODUCT_BUNDLE_IDENTIFIER = com.swamnxstudio.RSSReader;
				PRODUCT_NAME = "$(TARGET_NAME)";
				SWIFT_VERSION = 5.0;
				TARGETED_DEVICE_FAMILY = "1,2";
			};
			name = Debug;
		};
		281D3FB226935CDB00A0AC00 /* Release */ = {
			isa = XCBuildConfiguration;
			baseConfigurationReference = B0DBEC8EDD6BCE3B802B7C68 /* Pods-RSSReader.release.xcconfig */;
			buildSettings = {
				ASSETCATALOG_COMPILER_APPICON_NAME = AppIcon;
				ASSETCATALOG_COMPILER_GLOBAL_ACCENT_COLOR_NAME = AccentColor;
				CODE_SIGN_STYLE = Automatic;
				DEVELOPMENT_TEAM = 6762K7P32G;
				INFOPLIST_FILE = RSSReader/Info.plist;
				LD_RUNPATH_SEARCH_PATHS = (
					"$(inherited)",
					"@executable_path/Frameworks",
				);
				PRODUCT_BUNDLE_IDENTIFIER = com.swamnxstudio.RSSReader;
				PRODUCT_NAME = "$(TARGET_NAME)";
				SWIFT_VERSION = 5.0;
				TARGETED_DEVICE_FAMILY = "1,2";
			};
			name = Release;
		};
/* End XCBuildConfiguration section */

/* Begin XCConfigurationList section */
		281D3F9726935CDA00A0AC00 /* Build configuration list for PBXProject "RSSReader" */ = {
			isa = XCConfigurationList;
			buildConfigurations = (
				281D3FAE26935CDB00A0AC00 /* Debug */,
				281D3FAF26935CDB00A0AC00 /* Release */,
			);
			defaultConfigurationIsVisible = 0;
			defaultConfigurationName = Release;
		};
		281D3FB026935CDB00A0AC00 /* Build configuration list for PBXNativeTarget "RSSReader" */ = {
			isa = XCConfigurationList;
			buildConfigurations = (
				281D3FB126935CDB00A0AC00 /* Debug */,
				281D3FB226935CDB00A0AC00 /* Release */,
			);
			defaultConfigurationIsVisible = 0;
			defaultConfigurationName = Release;
		};
/* End XCConfigurationList section */
	};
	rootObject = 281D3F9426935CDA00A0AC00 /* Project object */;
}
